{
  "requires": true,
  "lockfileVersion": 1,
  "dependencies": {
    "@asymmetrik/ngx-leaflet": {
      "version": "5.0.1",
      "resolved": "https://registry.npmjs.org/@asymmetrik/ngx-leaflet/-/ngx-leaflet-5.0.1.tgz",
      "integrity": "sha512-0C/C1seJvXeOYp//yPrgi55v3yQ42JCFkMSAc/CuJCwMXlkGSfJ0Sd/yb/zY2ElhOknfIMJg68jVTbNxMqlz2Q=="
    },
    "@types/geojson": {
      "version": "7946.0.6",
      "resolved": "https://registry.npmjs.org/@types/geojson/-/geojson-7946.0.6.tgz",
      "integrity": "sha512-f6qai3iR62QuMPPdgyH+LyiXTL2n9Rf62UniJjV7KHrbiwzLTZUKsdq0mFSTxAHbO7JvwxwC4tH0m1UnweuLrA==",
      "dev": true
    },
    "@types/leaflet": {
      "version": "1.4.3",
      "resolved": "https://registry.npmjs.org/@types/leaflet/-/leaflet-1.4.3.tgz",
      "integrity": "sha512-jFRBSsPHi1EwQSwrN0cOJLdPhwOZsRl4IMxvm/2ShLh0YM5GfCtQXCzsrv8RE7DWL+AykXdYSAd9bFLWbZT4CQ==",
      "dev": true,
      "requires": {
        "@types/geojson": "*"
      }
    },
    "leaflet": {
      "version": "1.4.0",
      "resolved": "https://registry.npmjs.org/leaflet/-/leaflet-1.4.0.tgz",
      "integrity": "sha512-x9j9tGY1+PDLN9pcWTx9/y6C5nezoTMB8BLK5jTakx+H7bPlnbCHfi9Hjg+Qt36sgDz/cb9lrSpNQXmk45Tvhw=="
    }
  }
}
